
Microsoft Visual Studio Solution File, Format Version 12.00
# Visual Studio Version 17
VisualStudioVersion = 17.5.33516.290
MinimumVisualStudioVersion = 10.0.40219.1
Project("{9A19103F-16F7-4668-BE54-9A1E7A4F7556}") = "RehaPatientMVC.Web", "RehaPatientMVC.Web\RehaPatientMVC.Web.csproj", "{045E09FD-AB2D-415E-B3FC-C4CD8A2C1EB2}"
	ProjectSection(ProjectDependencies) = postProject
		{095BAB02-7975-415A-9FD0-C2096D8686FF} = {095BAB02-7975-415A-9FD0-C2096D8686FF}
		{1732253D-A176-4918-A196-3420218437EB} = {1732253D-A176-4918-A196-3420218437EB}
	EndProjectSection
EndProject
Project("{2150E333-8FDC-42A3-9474-1A3956D46DE8}") = "Application", "Application", "{6FF681FE-5E97-4B82-B90F-86C80AE3ECFF}"
EndProject
Project("{2150E333-8FDC-42A3-9474-1A3956D46DE8}") = "Domain", "Domain", "{C541009F-39E1-41D1-BEE1-40BC1B7F134F}"
EndProject
Project("{2150E333-8FDC-42A3-9474-1A3956D46DE8}") = "Infrastructure", "Infrastructure", "{AE9B82F4-FA57-414F-A3C0-2B8128DDDC68}"
EndProject
Project("{2150E333-8FDC-42A3-9474-1A3956D46DE8}") = "Test", "Test", "{A8B99705-432F-48D5-8557-AC6D4551D056}"
EndProject
Project("{2150E333-8FDC-42A3-9474-1A3956D46DE8}") = "UI", "UI", "{C2F117E5-37E3-497C-BEC0-BFFF5015FB6B}"
EndProject
Project("{9A19103F-16F7-4668-BE54-9A1E7A4F7556}") = "RehaPatientMVC.Application", "RehaPatientMVC.Application\RehaPatientMVC.Application.csproj", "{1732253D-A176-4918-A196-3420218437EB}"
	ProjectSection(ProjectDependencies) = postProject
		{EFAD0D1D-437F-4317-8D6B-7A6B51079D6E} = {EFAD0D1D-437F-4317-8D6B-7A6B51079D6E}
	EndProjectSection
EndProject
Project("{9A19103F-16F7-4668-BE54-9A1E7A4F7556}") = "RehaPatientMVC.Domain", "RehaPatientMVC.Domain\RehaPatientMVC.Domain.csproj", "{EFAD0D1D-437F-4317-8D6B-7A6B51079D6E}"
EndProject
Project("{9A19103F-16F7-4668-BE54-9A1E7A4F7556}") = "RehaPatientMVC.Infrastructure", "RehaPatientMVC.Infrastructure\RehaPatientMVC.Infrastructure.csproj", "{095BAB02-7975-415A-9FD0-C2096D8686FF}"
	ProjectSection(ProjectDependencies) = postProject
		{EFAD0D1D-437F-4317-8D6B-7A6B51079D6E} = {EFAD0D1D-437F-4317-8D6B-7A6B51079D6E}
	EndProjectSection
EndProject
Project("{9A19103F-16F7-4668-BE54-9A1E7A4F7556}") = "RehaPatientMVC.Test", "RehaPatientMVC.Test\RehaPatientMVC.Test.csproj", "{6B9CF34A-EFC0-42F3-BB84-AE6D0437C600}"
EndProject
Project("{FAE04EC0-301F-11D3-BF4B-00C04F79EFBC}") = "RehaPatientApi", "RehaPatientApi\RehaPatientApi.csproj", "{7C5967B9-393D-459A-B6C9-21319999EAC5}"
EndProject
Global
	GlobalSection(SolutionConfigurationPlatforms) = preSolution
		Debug|Any CPU = Debug|Any CPU
		Release|Any CPU = Release|Any CPU
	EndGlobalSection
	GlobalSection(ProjectConfigurationPlatforms) = postSolution
		{045E09FD-AB2D-415E-B3FC-C4CD8A2C1EB2}.Debug|Any CPU.ActiveCfg = Debug|Any CPU
		{045E09FD-AB2D-415E-B3FC-C4CD8A2C1EB2}.Debug|Any CPU.Build.0 = Debug|Any CPU
		{045E09FD-AB2D-415E-B3FC-C4CD8A2C1EB2}.Release|Any CPU.ActiveCfg = Release|Any CPU
		{045E09FD-AB2D-415E-B3FC-C4CD8A2C1EB2}.Release|Any CPU.Build.0 = Release|Any CPU
		{1732253D-A176-4918-A196-3420218437EB}.Debug|Any CPU.ActiveCfg = Debug|Any CPU
		{1732253D-A176-4918-A196-3420218437EB}.Debug|Any CPU.Build.0 = Debug|Any CPU
		{1732253D-A176-4918-A196-3420218437EB}.Release|Any CPU.ActiveCfg = Release|Any CPU
		{1732253D-A176-4918-A196-3420218437EB}.Release|Any CPU.Build.0 = Release|Any CPU
		{EFAD0D1D-437F-4317-8D6B-7A6B51079D6E}.Debug|Any CPU.ActiveCfg = Debug|Any CPU
		{EFAD0D1D-437F-4317-8D6B-7A6B51079D6E}.Debug|Any CPU.Build.0 = Debug|Any CPU
		{EFAD0D1D-437F-4317-8D6B-7A6B51079D6E}.Release|Any CPU.ActiveCfg = Release|Any CPU
		{EFAD0D1D-437F-4317-8D6B-7A6B51079D6E}.Release|Any CPU.Build.0 = Release|Any CPU
		{095BAB02-7975-415A-9FD0-C2096D8686FF}.Debug|Any CPU.ActiveCfg = Debug|Any CPU
		{095BAB02-7975-415A-9FD0-C2096D8686FF}.Debug|Any CPU.Build.0 = Debug|Any CPU
		{095BAB02-7975-415A-9FD0-C2096D8686FF}.Release|Any CPU.ActiveCfg = Release|Any CPU
		{095BAB02-7975-415A-9FD0-C2096D8686FF}.Release|Any CPU.Build.0 = Release|Any CPU
		{6B9CF34A-EFC0-42F3-BB84-AE6D0437C600}.Debug|Any CPU.ActiveCfg = Debug|Any CPU
		{6B9CF34A-EFC0-42F3-BB84-AE6D0437C600}.Debug|Any CPU.Build.0 = Debug|Any CPU
		{6B9CF34A-EFC0-42F3-BB84-AE6D0437C600}.Release|Any CPU.ActiveCfg = Release|Any CPU
		{6B9CF34A-EFC0-42F3-BB84-AE6D0437C600}.Release|Any CPU.Build.0 = Release|Any CPU
		{7C5967B9-393D-459A-B6C9-21319999EAC5}.Debug|Any CPU.ActiveCfg = Debug|Any CPU
		{7C5967B9-393D-459A-B6C9-21319999EAC5}.Debug|Any CPU.Build.0 = Debug|Any CPU
		{7C5967B9-393D-459A-B6C9-21319999EAC5}.Release|Any CPU.ActiveCfg = Release|Any CPU
		{7C5967B9-393D-459A-B6C9-21319999EAC5}.Release|Any CPU.Build.0 = Release|Any CPU
	EndGlobalSection
	GlobalSection(SolutionProperties) = preSolution
		HideSolutionNode = FALSE
	EndGlobalSection
	GlobalSection(NestedProjects) = preSolution
		{045E09FD-AB2D-415E-B3FC-C4CD8A2C1EB2} = {C2F117E5-37E3-497C-BEC0-BFFF5015FB6B}
		{1732253D-A176-4918-A196-3420218437EB} = {6FF681FE-5E97-4B82-B90F-86C80AE3ECFF}
		{EFAD0D1D-437F-4317-8D6B-7A6B51079D6E} = {C541009F-39E1-41D1-BEE1-40BC1B7F134F}
		{095BAB02-7975-415A-9FD0-C2096D8686FF} = {AE9B82F4-FA57-414F-A3C0-2B8128DDDC68}
		{6B9CF34A-EFC0-42F3-BB84-AE6D0437C600} = {A8B99705-432F-48D5-8557-AC6D4551D056}
		{7C5967B9-393D-459A-B6C9-21319999EAC5} = {C2F117E5-37E3-497C-BEC0-BFFF5015FB6B}
	EndGlobalSection
	GlobalSection(ExtensibilityGlobals) = postSolution
		SolutionGuid = {944E0141-CC67-4854-9DB4-0203E9696A39}
	EndGlobalSection
EndGlobal
